
Microsoft Visual Studio Solution File, Format Version 12.00
# Visual Studio 14
VisualStudioVersion = 14.0.23107.0
MinimumVisualStudioVersion = 10.0.40219.1
Project("{FAE04EC0-301F-11D3-BF4B-00C04F79EFBC}") = "GmapTutorial1", "GmapTutorial1\GmapTutorial1.csproj", "{5EEA4B17-8FCB-4467-84D7-E5AFE4311DD8}"
EndProject
Project("{FAE04EC0-301F-11D3-BF4B-00C04F79EFBC}") = "BigMapMaker", "BigMapMaker\BigMapMaker.csproj", "{5878E5D3-6DA4-445A-B405-A064E42D4030}"
EndProject
Global
	GlobalSection(SolutionConfigurationPlatforms) = preSolution
		Debug|Any CPU = Debug|Any CPU
		Release|Any CPU = Release|Any CPU
	EndGlobalSection
	GlobalSection(ProjectConfigurationPlatforms) = postSolution
		{5EEA4B17-8FCB-4467-84D7-E5AFE4311DD8}.Debug|Any CPU.ActiveCfg = Debug|Any CPU
		{5EEA4B17-8FCB-4467-84D7-E5AFE4311DD8}.Debug|Any CPU.Build.0 = Debug|Any CPU
		{5EEA4B17-8FCB-4467-84D7-E5AFE4311DD8}.Release|Any CPU.ActiveCfg = Release|Any CPU
		{5EEA4B17-8FCB-4467-84D7-E5AFE4311DD8}.Release|Any CPU.Build.0 = Release|Any CPU
		{5878E5D3-6DA4-445A-B405-A064E42D4030}.Debug|Any CPU.ActiveCfg = Debug|Any CPU
		{5878E5D3-6DA4-445A-B405-A064E42D4030}.Debug|Any CPU.Build.0 = Debug|Any CPU
		{5878E5D3-6DA4-445A-B405-A064E42D4030}.Release|Any CPU.ActiveCfg = Release|Any CPU
		{5878E5D3-6DA4-445A-B405-A064E42D4030}.Release|Any CPU.Build.0 = Release|Any CPU
	EndGlobalSection
	GlobalSection(SolutionProperties) = preSolution
		HideSolutionNode = FALSE
	EndGlobalSection
EndGlobal
